<?xml version="1.0" encoding="utf-8"?>
<Project ToolsVersion="4.0" xmlns="http://schemas.microsoft.com/developer/msbuild/2003">
  <ItemGroup>
    <Filter Include="mathlib">
      <UniqueIdentifier>{f7dc64b4-d8f6-45f4-a38f-96b04609275a}</UniqueIdentifier>
    </Filter>
  </ItemGroup>
  <ItemGroup>
    <ClInclude Include="..\..\..\code\mathlib\AABox.hpp">
      <Filter>mathlib</Filter>
    </ClInclude>
    <ClInclude Include="..\..\..\code\mathlib\Frustum.hpp">
      <Filter>mathlib</Filter>
    </ClInclude>
    <ClInclude Include="..\..\..\code\mathlib\Math.hpp">
      <Filter>mathlib</Filter>
    </ClInclude>
    <ClInclude Include="..\..\..\code\Framebuffer.h" />
    <ClInclude Include="..\..\..\code\HardwareBuffer.h" />
    <ClInclude Include="..\..\..\code\Mesh.h" />
    <ClInclude Include="..\..\..\code\Shader.h" />
    <ClInclude Include="..\..\..\code\Vertex.h" />
    <ClInclude Include="..\..\..\code\RenderBuffer.h" />
    <ClInclude Include="..\..\..\code\Texture.h" />
    <ClInclude Include="..\..\..\code\Camera.h" />
    <ClInclude Include="..\..\..\code\Input.h" />
    <ClInclude Include="..\..\..\code\Query.h" />
    <ClInclude Include="..\..\..\code\System.h" />
    <ClInclude Include="..\..\..\code\Material.h" />
  </ItemGroup>
  <ItemGroup>
    <ClCompile Include="..\..\..\code\Framebuffer.cpp" />
    <ClCompile Include="..\..\..\code\HardwareBuffer.cpp" />
    <ClCompile Include="..\..\..\code\Mesh.cpp" />
    <ClCompile Include="..\..\..\code\Shader.cpp" />
    <ClCompile Include="..\..\..\code\RenderBuffer.cpp" />
    <ClCompile Include="..\..\..\code\Texture.cpp" />
    <ClCompile Include="..\..\..\code\Camera.cpp" />
    <ClCompile Include="..\..\..\code\Input.cpp" />
    <ClCompile Include="..\..\..\code\Query.cpp" />
    <ClCompile Include="..\..\..\code\System.cpp" />
    <ClCompile Include="..\..\..\code\Material.cpp" />
  </ItemGroup>
</Project>