
Microsoft Visual Studio Solution File, Format Version 11.00
# Visual C++ Express 2010
Project("{8BC9CEB8-8B4A-11D0-8D11-00A0C91BC942}") = "framework", "framework\framework.vcxproj", "{EC5632C5-835F-42FB-B1FF-D25FF86A016F}"
EndProject
Project("{8BC9CEB8-8B4A-11D0-8D11-00A0C91BC942}") = "dds", "dds\dds.vcxproj", "{7BA013EA-5E24-4213-89CC-D2B2385D4945}"
EndProject
Project("{8BC9CEB8-8B4A-11D0-8D11-00A0C91BC942}") = "Basic", "Basic\Basic.vcxproj", "{16DA3A94-D4CA-47F9-BE45-706A143A18C9}"
EndProject
Global
	GlobalSection(SolutionConfigurationPlatforms) = preSolution
		Debug|Win32 = Debug|Win32
		Release|Win32 = Release|Win32
	EndGlobalSection
	GlobalSection(ProjectConfigurationPlatforms) = postSolution
		{EC5632C5-835F-42FB-B1FF-D25FF86A016F}.Debug|Win32.ActiveCfg = Debug|Win32
		{EC5632C5-835F-42FB-B1FF-D25FF86A016F}.Debug|Win32.Build.0 = Debug|Win32
		{EC5632C5-835F-42FB-B1FF-D25FF86A016F}.Release|Win32.ActiveCfg = Release|Win32
		{EC5632C5-835F-42FB-B1FF-D25FF86A016F}.Release|Win32.Build.0 = Release|Win32
		{7BA013EA-5E24-4213-89CC-D2B2385D4945}.Debug|Win32.ActiveCfg = Debug|Win32
		{7BA013EA-5E24-4213-89CC-D2B2385D4945}.Debug|Win32.Build.0 = Debug|Win32
		{7BA013EA-5E24-4213-89CC-D2B2385D4945}.Release|Win32.ActiveCfg = Release|Win32
		{7BA013EA-5E24-4213-89CC-D2B2385D4945}.Release|Win32.Build.0 = Release|Win32
		{16DA3A94-D4CA-47F9-BE45-706A143A18C9}.Debug|Win32.ActiveCfg = Debug|Win32
		{16DA3A94-D4CA-47F9-BE45-706A143A18C9}.Debug|Win32.Build.0 = Debug|Win32
		{16DA3A94-D4CA-47F9-BE45-706A143A18C9}.Release|Win32.ActiveCfg = Release|Win32
		{16DA3A94-D4CA-47F9-BE45-706A143A18C9}.Release|Win32.Build.0 = Release|Win32
	EndGlobalSection
	GlobalSection(SolutionProperties) = preSolution
		HideSolutionNode = FALSE
	EndGlobalSection
EndGlobal
